
Microsoft Visual Studio Solution File, Format Version 12.00
# Visual Studio Version 17
VisualStudioVersion = 17.4.33213.308
MinimumVisualStudioVersion = 10.0.40219.1
Project("{FAE04EC0-301F-11D3-BF4B-00C04F79EFBC}") = "TimeZoneBack", "TimeZoneBack.csproj", "{8F52F34A-AF5E-4CE3-B927-FC2FAAB1162A}"
EndProject
Global
	GlobalSection(SolutionConfigurationPlatforms) = preSolution
		Debug|Any CPU = Debug|Any CPU
		Release|Any CPU = Release|Any CPU
	EndGlobalSection
	GlobalSection(ProjectConfigurationPlatforms) = postSolution
		{8F52F34A-AF5E-4CE3-B927-FC2FAAB1162A}.Debug|Any CPU.ActiveCfg = Debug|Any CPU
		{8F52F34A-AF5E-4CE3-B927-FC2FAAB1162A}.Debug|Any CPU.Build.0 = Debug|Any CPU
		{8F52F34A-AF5E-4CE3-B927-FC2FAAB1162A}.Release|Any CPU.ActiveCfg = Release|Any CPU
		{8F52F34A-AF5E-4CE3-B927-FC2FAAB1162A}.Release|Any CPU.Build.0 = Release|Any CPU
	EndGlobalSection
	GlobalSection(SolutionProperties) = preSolution
		HideSolutionNode = FALSE
	EndGlobalSection
	GlobalSection(ExtensibilityGlobals) = postSolution
		SolutionGuid = {E6EEB49C-628C-4D40-8A40-B80429C9F9D6}
	EndGlobalSection
EndGlobal
